
Microsoft Visual Studio Solution File, Format Version 12.00
# Visual Studio Version 17
VisualStudioVersion = 17.3.32825.248
MinimumVisualStudioVersion = 10.0.40219.1
Project("{FAE04EC0-301F-11D3-BF4B-00C04F79EFBC}") = "Question1", "Question1\Question1.csproj", "{229BF60B-19C3-461D-BCDD-0A6CEF9FDFA6}"
EndProject
Project("{FAE04EC0-301F-11D3-BF4B-00C04F79EFBC}") = "Question02", "Question02\Question02.csproj", "{AE46085A-1438-4017-A80B-05EF4CAD2162}"
EndProject
Project("{FAE04EC0-301F-11D3-BF4B-00C04F79EFBC}") = "Question3", "Question3\Question3.csproj", "{371611B0-1A23-4439-BDA8-55D28A6D2023}"
EndProject
Global
	GlobalSection(SolutionConfigurationPlatforms) = preSolution
		Debug|Any CPU = Debug|Any CPU
		Release|Any CPU = Release|Any CPU
	EndGlobalSection
	GlobalSection(ProjectConfigurationPlatforms) = postSolution
		{229BF60B-19C3-461D-BCDD-0A6CEF9FDFA6}.Debug|Any CPU.ActiveCfg = Debug|Any CPU
		{229BF60B-19C3-461D-BCDD-0A6CEF9FDFA6}.Debug|Any CPU.Build.0 = Debug|Any CPU
		{229BF60B-19C3-461D-BCDD-0A6CEF9FDFA6}.Release|Any CPU.ActiveCfg = Release|Any CPU
		{229BF60B-19C3-461D-BCDD-0A6CEF9FDFA6}.Release|Any CPU.Build.0 = Release|Any CPU
		{AE46085A-1438-4017-A80B-05EF4CAD2162}.Debug|Any CPU.ActiveCfg = Debug|Any CPU
		{AE46085A-1438-4017-A80B-05EF4CAD2162}.Debug|Any CPU.Build.0 = Debug|Any CPU
		{AE46085A-1438-4017-A80B-05EF4CAD2162}.Release|Any CPU.ActiveCfg = Release|Any CPU
		{AE46085A-1438-4017-A80B-05EF4CAD2162}.Release|Any CPU.Build.0 = Release|Any CPU
		{371611B0-1A23-4439-BDA8-55D28A6D2023}.Debug|Any CPU.ActiveCfg = Debug|Any CPU
		{371611B0-1A23-4439-BDA8-55D28A6D2023}.Debug|Any CPU.Build.0 = Debug|Any CPU
		{371611B0-1A23-4439-BDA8-55D28A6D2023}.Release|Any CPU.ActiveCfg = Release|Any CPU
		{371611B0-1A23-4439-BDA8-55D28A6D2023}.Release|Any CPU.Build.0 = Release|Any CPU
	EndGlobalSection
	GlobalSection(SolutionProperties) = preSolution
		HideSolutionNode = FALSE
	EndGlobalSection
	GlobalSection(ExtensibilityGlobals) = postSolution
		SolutionGuid = {AFF615EA-03E8-4A29-AA83-DE36343A5CC1}
	EndGlobalSection
EndGlobal
